PODS:
  - Google/Core (2.0.3):
    - GoogleInterchangeUtilities (~> 1.0)
    - GoogleNetworkingUtilities (~> 1.0)
    - GoogleSymbolUtilities (~> 1.0)
    - GoogleUtilities (~> 1.1)
  - Google/SignIn (2.0.3):
    - Google/Core
    - GoogleSignIn (~> 3.0)
  - GoogleAppUtilities (1.1.0):
    - GoogleSymbolUtilities (~> 1.0)
  - GoogleAuthUtilities (2.0.0):
    - GoogleNetworkingUtilities (~> 1.0)
    - GoogleSymbolUtilities (~> 1.0)
  - GoogleInterchangeUtilities (1.2.0):
    - GoogleSymbolUtilities (~> 1.0)
  - GoogleNetworkingUtilities (1.2.0):
    - GoogleSymbolUtilities (~> 1.0)
  - GoogleSignIn (3.0.0):
    - GoogleAppUtilities (~> 1.0)
    - GoogleAuthUtilities (~> 2.0)
    - GoogleNetworkingUtilities (~> 1.0)
    - GoogleUtilities (~> 1.0)
  - GoogleSymbolUtilities (1.1.0)
  - GoogleUtilities (1.2.0):
    - GoogleSymbolUtilities (~> 1.0)
  - Recon (0.1.10)
  - SwiftyBeaver (0.4.1)
  - SwimSwift (0.1.14):
    - Recon
    - SwimSwift/Core (= 0.1.14)
  - SwimSwift/Core (0.1.14):
    - Recon
  - SwimSwift/GoogleSignIn (0.1.14):
    - Recon
  - SwimSwift/SwiftyBeaver (0.1.14):
    - Recon
    - SwiftyBeaver (= 0.4.1)

DEPENDENCIES:
  - Google/SignIn
  - SwimSwift
  - SwimSwift/GoogleSignIn
  - SwimSwift/SwiftyBeaver

SPEC CHECKSUMS:
  Google: 61379f0072bc561a7e174d23a6cbe41bd6d8599c
  GoogleAppUtilities: 974598e8ed618c74ead33541d9caffbc3d144266
  GoogleAuthUtilities: 79e4143c77a08081a480b08df27a066cc8944f43
  GoogleInterchangeUtilities: 427382e42d8a340038bec37c6fdfd316e14b5fa2
  GoogleNetworkingUtilities: ec1e9911aca811eb18b7144394fee6168b607785
  GoogleSignIn: 3d571172b8603be39dcb1705d8217146bb76fe62
  GoogleSymbolUtilities: eb3965ea12710569c7b80db198a39e39b18613f7
  GoogleUtilities: 85f8ad6b251544286a97163133d042ec95f889c5
  Recon: 961b186b1690d799f0320dba5955e39ef8cc592e
  SwiftyBeaver: 9b812ea0488ada996aca9df6deea851b0f3af226
  SwimSwift: 2205ba87f2b281e6fe0e6a2ad2340256095b01e9

PODFILE CHECKSUM: c4450464167ca8851e348322bbea7e9799ba20d5

COCOAPODS: 1.0.0.beta.6
