PODS:
  - Google/Core (2.0.3):
    - GoogleInterchangeUtilities (~> 1.0)
    - GoogleNetworkingUtilities (~> 1.0)
    - GoogleSymbolUtilities (~> 1.0)
    - GoogleUtilities (~> 1.1)
  - Google/SignIn (2.0.3):
    - Google/Core
    - GoogleSignIn (~> 3.0)
  - GoogleAppUtilities (1.1.0):
    - GoogleSymbolUtilities (~> 1.0)
  - GoogleAuthUtilities (2.0.0):
    - GoogleNetworkingUtilities (~> 1.0)
    - GoogleSymbolUtilities (~> 1.0)
  - GoogleInterchangeUtilities (1.2.0):
    - GoogleSymbolUtilities (~> 1.0)
  - GoogleNetworkingUtilities (1.2.0):
    - GoogleSymbolUtilities (~> 1.0)
  - GoogleSignIn (3.0.0):
    - GoogleAppUtilities (~> 1.0)
    - GoogleAuthUtilities (~> 2.0)
    - GoogleNetworkingUtilities (~> 1.0)
    - GoogleUtilities (~> 1.0)
  - GoogleSymbolUtilities (1.1.0)
  - GoogleUtilities (1.2.0):
    - GoogleSymbolUtilities (~> 1.0)
  - Recon (0.2.0)
  - SQLite.swift (0.10.0)
  - SwiftWebSocket (2.6.0)
  - SwiftyBeaver (0.4.2)
  - SwimSwift (0.2.1):
    - Recon (>= 0.2.0)
    - SQLite.swift (>= 0.10.0)
    - SwiftWebSocket (>= 2.6.0)
    - SwimSwift/Core (= 0.2.1)
  - SwimSwift/Core (0.2.1):
    - Recon (>= 0.2.0)
    - SQLite.swift (>= 0.10.0)
    - SwiftWebSocket (>= 2.6.0)
  - SwimSwift/GoogleSignIn (0.2.1):
    - Recon (>= 0.2.0)
    - SQLite.swift (>= 0.10.0)
    - SwiftWebSocket (>= 2.6.0)
  - SwimSwift/SwiftyBeaver (0.2.1):
    - Recon (>= 0.2.0)
    - SQLite.swift (>= 0.10.0)
    - SwiftWebSocket (>= 2.6.0)
    - SwiftyBeaver (>= 0.4.2)

DEPENDENCIES:
  - Google/SignIn
  - SwimSwift
  - SwimSwift/GoogleSignIn
  - SwimSwift/SwiftyBeaver

SPEC CHECKSUMS:
  Google: 61379f0072bc561a7e174d23a6cbe41bd6d8599c
  GoogleAppUtilities: 974598e8ed618c74ead33541d9caffbc3d144266
  GoogleAuthUtilities: 79e4143c77a08081a480b08df27a066cc8944f43
  GoogleInterchangeUtilities: 427382e42d8a340038bec37c6fdfd316e14b5fa2
  GoogleNetworkingUtilities: ec1e9911aca811eb18b7144394fee6168b607785
  GoogleSignIn: 3d571172b8603be39dcb1705d8217146bb76fe62
  GoogleSymbolUtilities: eb3965ea12710569c7b80db198a39e39b18613f7
  GoogleUtilities: 85f8ad6b251544286a97163133d042ec95f889c5
  Recon: 52aae20ee91c2649ed45442f425025e95384b27b
  SQLite.swift: d2a2e6ed2d79c87f5b8872fe58c4baef076f303c
  SwiftWebSocket: c24c0dde0b33852f478ffb54226408bfe703b26b
  SwiftyBeaver: 3eced9aabe4f10b975453cc1baaa2d523a5eaeae
  SwimSwift: 169b8555a88652451f051cd3c4900b7daf3e85e1

PODFILE CHECKSUM: c4450464167ca8851e348322bbea7e9799ba20d5

COCOAPODS: 1.0.0.beta.6
