// !$*UTF8*$!
{
	archiveVersion = 1;
	classes = {
	};
	objectVersion = 46;
	objects = {

/* Begin PBXBuildFile section */
		400268241CA20F6200335AC7 /* GoogleService-Info.plist in Resources */ = {isa = PBXBuildFile; fileRef = 400268231CA20F6200335AC7 /* GoogleService-Info.plist */; };
		400648E21C72680000701533 /* TodoEntryTableViewCell.swift in Sources */ = {isa = PBXBuildFile; fileRef = 400648E01C72680000701533 /* TodoEntryTableViewCell.swift */; };
		400648E31C72680000701533 /* TodoEntryTableViewCell.xib in Resources */ = {isa = PBXBuildFile; fileRef = 400648E11C72680000701533 /* TodoEntryTableViewCell.xib */; };
		400648E51C7268DB00701533 /* TodoEntry.swift in Sources */ = {isa = PBXBuildFile; fileRef = 400648E41C7268DB00701533 /* TodoEntry.swift */; };
		402203101CA1FD0200D6B5E1 /* LoginViewController.swift in Sources */ = {isa = PBXBuildFile; fileRef = 4022030F1CA1FD0200D6B5E1 /* LoginViewController.swift */; };
		402203121CA1FD1200D6B5E1 /* LoginViewController.xib in Resources */ = {isa = PBXBuildFile; fileRef = 402203111CA1FD1200D6B5E1 /* LoginViewController.xib */; };
		4026EC9F1CD3CEAF006BB352 /* SwimGoogleSignIn.swift in Sources */ = {isa = PBXBuildFile; fileRef = 4026EC9E1CD3CEAF006BB352 /* SwimGoogleSignIn.swift */; };
		4048D7B31C73BF91002B490C /* TableViewCell.swift in Sources */ = {isa = PBXBuildFile; fileRef = 4048D7B01C73BF91002B490C /* TableViewCell.swift */; };
		4048D7B41C73BF91002B490C /* StrikeThroughText.swift in Sources */ = {isa = PBXBuildFile; fileRef = 4048D7B11C73BF91002B490C /* StrikeThroughText.swift */; };
		4048D7BD1C73D844002B490C /* CollectionType+Misc.swift in Sources */ = {isa = PBXBuildFile; fileRef = 4048D7BC1C73D844002B490C /* CollectionType+Misc.swift */; };
		409DD2411CC6E3F10000D366 /* GuruModeViewController.swift in Sources */ = {isa = PBXBuildFile; fileRef = 409DD2401CC6E3F10000D366 /* GuruModeViewController.swift */; };
		409DD2451CC6E5A30000D366 /* DetailTableViewCell.swift in Sources */ = {isa = PBXBuildFile; fileRef = 409DD2441CC6E5A30000D366 /* DetailTableViewCell.swift */; };
		409DD2471CC6E5CE0000D366 /* DetailTableViewCell.xib in Resources */ = {isa = PBXBuildFile; fileRef = 409DD2461CC6E5CE0000D366 /* DetailTableViewCell.xib */; };
		409DD2491CC6E7980000D366 /* UITableViewCell+Misc.swift in Sources */ = {isa = PBXBuildFile; fileRef = 409DD2481CC6E7980000D366 /* UITableViewCell+Misc.swift */; };
		40A0B3C61CA1FE5800F17BEA /* LoginManager.swift in Sources */ = {isa = PBXBuildFile; fileRef = 40A0B3C51CA1FE5800F17BEA /* LoginManager.swift */; };
		40AE52EB1CA1FAD000A878F3 /* SwimTodoGlobals.swift in Sources */ = {isa = PBXBuildFile; fileRef = 40AE52EA1CA1FAD000A878F3 /* SwimTodoGlobals.swift */; };
		40C975C51CAD94A900407B67 /* PersonImageView.swift in Sources */ = {isa = PBXBuildFile; fileRef = 40C975C41CAD94A900407B67 /* PersonImageView.swift */; };
		40C975C71CAD957A00407B67 /* PersonImageView.xib in Resources */ = {isa = PBXBuildFile; fileRef = 40C975C61CAD957A00407B67 /* PersonImageView.xib */; };
		40C975EE1CAD9F7200407B67 /* TodoListViewController.xib in Resources */ = {isa = PBXBuildFile; fileRef = 40C975ED1CAD9F7200407B67 /* TodoListViewController.xib */; };
		40C975F01CADE0C700407B67 /* RTLLayout.swift in Sources */ = {isa = PBXBuildFile; fileRef = 40C975EF1CADE0C700407B67 /* RTLLayout.swift */; };
		40C975F31CADE79600407B67 /* PersonImageCollectionViewCell.swift in Sources */ = {isa = PBXBuildFile; fileRef = 40C975F11CADE79600407B67 /* PersonImageCollectionViewCell.swift */; };
		40C975F41CADE79600407B67 /* PersonImageCollectionViewCell.xib in Resources */ = {isa = PBXBuildFile; fileRef = 40C975F21CADE79600407B67 /* PersonImageCollectionViewCell.xib */; };
		40C975F81CAE113800407B67 /* UIView+Misc.swift in Sources */ = {isa = PBXBuildFile; fileRef = 40C975F71CAE113800407B67 /* UIView+Misc.swift */; };
		40C975FC1CB19B0200407B67 /* UINib+Misc.swift in Sources */ = {isa = PBXBuildFile; fileRef = 40C975FB1CB19B0200407B67 /* UINib+Misc.swift */; };
		40F583C21CBCDCAF001BCDCC /* UserPresenceModel.swift in Sources */ = {isa = PBXBuildFile; fileRef = 40F583C11CBCDCAF001BCDCC /* UserPresenceModel.swift */; };
		85553D421C6B31BA005D613B /* AppDelegate.swift in Sources */ = {isa = PBXBuildFile; fileRef = 85553D381C6B31BA005D613B /* AppDelegate.swift */; };
		85553D431C6B31BA005D613B /* Assets.xcassets in Resources */ = {isa = PBXBuildFile; fileRef = 85553D391C6B31BA005D613B /* Assets.xcassets */; };
		85553D441C6B31BA005D613B /* LaunchScreen.storyboard in Resources */ = {isa = PBXBuildFile; fileRef = 85553D3A1C6B31BA005D613B /* LaunchScreen.storyboard */; };
		85553D451C6B31BA005D613B /* Main.storyboard in Resources */ = {isa = PBXBuildFile; fileRef = 85553D3C1C6B31BA005D613B /* Main.storyboard */; };
		85553D461C6B31BA005D613B /* TodoListViewController.swift in Sources */ = {isa = PBXBuildFile; fileRef = 85553D3E1C6B31BA005D613B /* TodoListViewController.swift */; };
		85553D481C6B31BA005D613B /* MasterViewController.swift in Sources */ = {isa = PBXBuildFile; fileRef = 85553D401C6B31BA005D613B /* MasterViewController.swift */; };
		85553D4D1C6B31C2005D613B /* SwimTodoTests.swift in Sources */ = {isa = PBXBuildFile; fileRef = 85553D4B1C6B31C2005D613B /* SwimTodoTests.swift */; };
		EBC8AAF5EE35853873846E1C /* Pods_SwimTodo.framework in Frameworks */ = {isa = PBXBuildFile; fileRef = 30CC21386D97264852988DB6 /* Pods_SwimTodo.framework */; };
/* End PBXBuildFile section */

/* Begin PBXContainerItemProxy section */
		85674A4E1C68CA0100F299D7 /* PBXContainerItemProxy */ = {
			isa = PBXContainerItemProxy;
			containerPortal = 85674A2F1C68CA0100F299D7 /* Project object */;
			proxyType = 1;
			remoteGlobalIDString = 85674A361C68CA0100F299D7;
			remoteInfo = SwiChat;
		};
/* End PBXContainerItemProxy section */

/* Begin PBXCopyFilesBuildPhase section */
		85553D9D1C6B3D9D005D613B /* Embed Frameworks */ = {
			isa = PBXCopyFilesBuildPhase;
			buildActionMask = 2147483647;
			dstPath = "";
			dstSubfolderSpec = 10;
			files = (
			);
			name = "Embed Frameworks";
			runOnlyForDeploymentPostprocessing = 0;
		};
/* End PBXCopyFilesBuildPhase section */

/* Begin PBXFileReference section */
		30CC21386D97264852988DB6 /* Pods_SwimTodo.framework */ = {isa = PBXFileReference; explicitFileType = wrapper.framework; includeInIndex = 0; path = Pods_SwimTodo.framework; sourceTree = BUILT_PRODUCTS_DIR; };
		400268231CA20F6200335AC7 /* GoogleService-Info.plist */ = {isa = PBXFileReference; fileEncoding = 4; lastKnownFileType = text.plist.xml; name = "GoogleService-Info.plist"; path = "../GoogleService-Info.plist"; sourceTree = "<group>"; };
		400648E01C72680000701533 /* TodoEntryTableViewCell.swift */ = {isa = PBXFileReference; fileEncoding = 4; lastKnownFileType = sourcecode.swift; path = TodoEntryTableViewCell.swift; sourceTree = "<group>"; };
		400648E11C72680000701533 /* TodoEntryTableViewCell.xib */ = {isa = PBXFileReference; fileEncoding = 4; lastKnownFileType = file.xib; path = TodoEntryTableViewCell.xib; sourceTree = "<group>"; };
		400648E41C7268DB00701533 /* TodoEntry.swift */ = {isa = PBXFileReference; fileEncoding = 4; lastKnownFileType = sourcecode.swift; path = TodoEntry.swift; sourceTree = "<group>"; };
		4022030F1CA1FD0200D6B5E1 /* LoginViewController.swift */ = {isa = PBXFileReference; fileEncoding = 4; lastKnownFileType = sourcecode.swift; path = LoginViewController.swift; sourceTree = "<group>"; };
		402203111CA1FD1200D6B5E1 /* LoginViewController.xib */ = {isa = PBXFileReference; fileEncoding = 4; lastKnownFileType = file.xib; path = LoginViewController.xib; sourceTree = "<group>"; };
		4026EC9E1CD3CEAF006BB352 /* SwimGoogleSignIn.swift */ = {isa = PBXFileReference; fileEncoding = 4; lastKnownFileType = sourcecode.swift; path = SwimGoogleSignIn.swift; sourceTree = "<group>"; };
		4048D7B01C73BF91002B490C /* TableViewCell.swift */ = {isa = PBXFileReference; fileEncoding = 4; lastKnownFileType = sourcecode.swift; path = TableViewCell.swift; sourceTree = "<group>"; };
		4048D7B11C73BF91002B490C /* StrikeThroughText.swift */ = {isa = PBXFileReference; fileEncoding = 4; lastKnownFileType = sourcecode.swift; path = StrikeThroughText.swift; sourceTree = "<group>"; };
		4048D7BC1C73D844002B490C /* CollectionType+Misc.swift */ = {isa = PBXFileReference; fileEncoding = 4; lastKnownFileType = sourcecode.swift; path = "CollectionType+Misc.swift"; sourceTree = "<group>"; };
		409DD2401CC6E3F10000D366 /* GuruModeViewController.swift */ = {isa = PBXFileReference; fileEncoding = 4; lastKnownFileType = sourcecode.swift; path = GuruModeViewController.swift; sourceTree = "<group>"; };
		409DD2441CC6E5A30000D366 /* DetailTableViewCell.swift */ = {isa = PBXFileReference; fileEncoding = 4; lastKnownFileType = sourcecode.swift; path = DetailTableViewCell.swift; sourceTree = "<group>"; };
		409DD2461CC6E5CE0000D366 /* DetailTableViewCell.xib */ = {isa = PBXFileReference; fileEncoding = 4; lastKnownFileType = file.xib; path = DetailTableViewCell.xib; sourceTree = "<group>"; };
		409DD2481CC6E7980000D366 /* UITableViewCell+Misc.swift */ = {isa = PBXFileReference; fileEncoding = 4; lastKnownFileType = sourcecode.swift; path = "UITableViewCell+Misc.swift"; sourceTree = "<group>"; };
		40A0B3C51CA1FE5800F17BEA /* LoginManager.swift */ = {isa = PBXFileReference; fileEncoding = 4; lastKnownFileType = sourcecode.swift; path = LoginManager.swift; sourceTree = "<group>"; };
		40AE52EA1CA1FAD000A878F3 /* SwimTodoGlobals.swift */ = {isa = PBXFileReference; fileEncoding = 4; lastKnownFileType = sourcecode.swift; path = SwimTodoGlobals.swift; sourceTree = "<group>"; };
		40C975C41CAD94A900407B67 /* PersonImageView.swift */ = {isa = PBXFileReference; fileEncoding = 4; lastKnownFileType = sourcecode.swift; path = PersonImageView.swift; sourceTree = "<group>"; };
		40C975C61CAD957A00407B67 /* PersonImageView.xib */ = {isa = PBXFileReference; fileEncoding = 4; lastKnownFileType = file.xib; path = PersonImageView.xib; sourceTree = "<group>"; };
		40C975ED1CAD9F7200407B67 /* TodoListViewController.xib */ = {isa = PBXFileReference; fileEncoding = 4; lastKnownFileType = file.xib; path = TodoListViewController.xib; sourceTree = "<group>"; };
		40C975EF1CADE0C700407B67 /* RTLLayout.swift */ = {isa = PBXFileReference; fileEncoding = 4; lastKnownFileType = sourcecode.swift; path = RTLLayout.swift; sourceTree = "<group>"; };
		40C975F11CADE79600407B67 /* PersonImageCollectionViewCell.swift */ = {isa = PBXFileReference; fileEncoding = 4; lastKnownFileType = sourcecode.swift; path = PersonImageCollectionViewCell.swift; sourceTree = "<group>"; };
		40C975F21CADE79600407B67 /* PersonImageCollectionViewCell.xib */ = {isa = PBXFileReference; fileEncoding = 4; lastKnownFileType = file.xib; path = PersonImageCollectionViewCell.xib; sourceTree = "<group>"; };
		40C975F71CAE113800407B67 /* UIView+Misc.swift */ = {isa = PBXFileReference; fileEncoding = 4; lastKnownFileType = sourcecode.swift; path = "UIView+Misc.swift"; sourceTree = "<group>"; };
		40C975FB1CB19B0200407B67 /* UINib+Misc.swift */ = {isa = PBXFileReference; fileEncoding = 4; lastKnownFileType = sourcecode.swift; path = "UINib+Misc.swift"; sourceTree = "<group>"; };
		40F583C11CBCDCAF001BCDCC /* UserPresenceModel.swift */ = {isa = PBXFileReference; fileEncoding = 4; lastKnownFileType = sourcecode.swift; path = UserPresenceModel.swift; sourceTree = "<group>"; };
		84508E0E112F7E6A77F1CF05 /* Pods-SwimTodo.release.xcconfig */ = {isa = PBXFileReference; includeInIndex = 1; lastKnownFileType = text.xcconfig; name = "Pods-SwimTodo.release.xcconfig"; path = "Pods/Target Support Files/Pods-SwimTodo/Pods-SwimTodo.release.xcconfig"; sourceTree = "<group>"; };
		85553D381C6B31BA005D613B /* AppDelegate.swift */ = {isa = PBXFileReference; fileEncoding = 4; lastKnownFileType = sourcecode.swift; path = AppDelegate.swift; sourceTree = "<group>"; };
		85553D391C6B31BA005D613B /* Assets.xcassets */ = {isa = PBXFileReference; lastKnownFileType = folder.assetcatalog; path = Assets.xcassets; sourceTree = "<group>"; };
		85553D3B1C6B31BA005D613B /* Base */ = {isa = PBXFileReference; lastKnownFileType = file.storyboard; name = Base; path = Base.lproj/LaunchScreen.storyboard; sourceTree = "<group>"; };
		85553D3D1C6B31BA005D613B /* Base */ = {isa = PBXFileReference; lastKnownFileType = file.storyboard; name = Base; path = Base.lproj/Main.storyboard; sourceTree = "<group>"; };
		85553D3E1C6B31BA005D613B /* TodoListViewController.swift */ = {isa = PBXFileReference; fileEncoding = 4; indentWidth = 4; lastKnownFileType = sourcecode.swift; path = TodoListViewController.swift; sourceTree = "<group>"; };
		85553D3F1C6B31BA005D613B /* Info.plist */ = {isa = PBXFileReference; fileEncoding = 4; lastKnownFileType = text.plist.xml; path = Info.plist; sourceTree = "<group>"; };
		85553D401C6B31BA005D613B /* MasterViewController.swift */ = {isa = PBXFileReference; fileEncoding = 4; lastKnownFileType = sourcecode.swift; path = MasterViewController.swift; sourceTree = "<group>"; };
		85553D4A1C6B31C2005D613B /* Info.plist */ = {isa = PBXFileReference; fileEncoding = 4; lastKnownFileType = text.plist.xml; path = Info.plist; sourceTree = "<group>"; };
		85553D4B1C6B31C2005D613B /* SwimTodoTests.swift */ = {isa = PBXFileReference; fileEncoding = 4; lastKnownFileType = sourcecode.swift; path = SwimTodoTests.swift; sourceTree = "<group>"; };
		85553D661C6B3A4A005D613B /* Swim.framework */ = {isa = PBXFileReference; lastKnownFileType = wrapper.framework; path = Swim.framework; sourceTree = BUILT_PRODUCTS_DIR; };
		85553D991C6B3D6C005D613B /* Recon.framework */ = {isa = PBXFileReference; lastKnownFileType = wrapper.framework; path = Recon.framework; sourceTree = BUILT_PRODUCTS_DIR; };
		855AA97F1C6DB2EF0087347E /* todo-service.js */ = {isa = PBXFileReference; lastKnownFileType = sourcecode.javascript; path = "todo-service.js"; sourceTree = "<group>"; };
		855AA9801C6DB3250087347E /* swim.recon */ = {isa = PBXFileReference; lastKnownFileType = text; path = swim.recon; sourceTree = "<group>"; };
		85674A371C68CA0100F299D7 /* SwimTodo.app */ = {isa = PBXFileReference; explicitFileType = wrapper.application; includeInIndex = 0; path = SwimTodo.app; sourceTree = BUILT_PRODUCTS_DIR; };
		85674A4D1C68CA0100F299D7 /* SwimTodo-Tests.xctest */ = {isa = PBXFileReference; explicitFileType = wrapper.cfbundle; includeInIndex = 0; path = "SwimTodo-Tests.xctest"; sourceTree = BUILT_PRODUCTS_DIR; };
		E72C3CBB1736824CC3B9E128 /* Pods-SwimTodo.debug.xcconfig */ = {isa = PBXFileReference; includeInIndex = 1; lastKnownFileType = text.xcconfig; name = "Pods-SwimTodo.debug.xcconfig"; path = "Pods/Target Support Files/Pods-SwimTodo/Pods-SwimTodo.debug.xcconfig"; sourceTree = "<group>"; };
/* End PBXFileReference section */

/* Begin PBXFrameworksBuildPhase section */
		85674A341C68CA0100F299D7 /* Frameworks */ = {
			isa = PBXFrameworksBuildPhase;
			buildActionMask = 2147483647;
			files = (
				EBC8AAF5EE35853873846E1C /* Pods_SwimTodo.framework in Frameworks */,
			);
			runOnlyForDeploymentPostprocessing = 0;
		};
		85674A4A1C68CA0100F299D7 /* Frameworks */ = {
			isa = PBXFrameworksBuildPhase;
			buildActionMask = 2147483647;
			files = (
			);
			runOnlyForDeploymentPostprocessing = 0;
		};
/* End PBXFrameworksBuildPhase section */

/* Begin PBXGroup section */
		400648E61C7268E500701533 /* Models */ = {
			isa = PBXGroup;
			children = (
				400648E41C7268DB00701533 /* TodoEntry.swift */,
				40F583C11CBCDCAF001BCDCC /* UserPresenceModel.swift */,
			);
			path = Models;
			sourceTree = "<group>";
		};
		4026EC9D1CD3CE51006BB352 /* SwimGoogleSignIn */ = {
			isa = PBXGroup;
			children = (
				4026EC9E1CD3CEAF006BB352 /* SwimGoogleSignIn.swift */,
			);
			path = SwimGoogleSignIn;
			sourceTree = "<group>";
		};
		403100CB1CA7308900C12F4E /* Utils */ = {
			isa = PBXGroup;
			children = (
				4048D7BC1C73D844002B490C /* CollectionType+Misc.swift */,
				40C975EF1CADE0C700407B67 /* RTLLayout.swift */,
				40C975FB1CB19B0200407B67 /* UINib+Misc.swift */,
				409DD2481CC6E7980000D366 /* UITableViewCell+Misc.swift */,
				40C975F71CAE113800407B67 /* UIView+Misc.swift */,
			);
			path = Utils;
			sourceTree = "<group>";
		};
		403100CC1CA730BD00C12F4E /* Resources */ = {
			isa = PBXGroup;
			children = (
				85553D391C6B31BA005D613B /* Assets.xcassets */,
				85553D3F1C6B31BA005D613B /* Info.plist */,
				400268231CA20F6200335AC7 /* GoogleService-Info.plist */,
				85553D3A1C6B31BA005D613B /* LaunchScreen.storyboard */,
				85553D3C1C6B31BA005D613B /* Main.storyboard */,
			);
			name = Resources;
			sourceTree = "<group>";
		};
		4048D7AF1C73BF4D002B490C /* ClearStyle */ = {
			isa = PBXGroup;
			children = (
				4048D7B11C73BF91002B490C /* StrikeThroughText.swift */,
				4048D7B01C73BF91002B490C /* TableViewCell.swift */,
			);
			name = ClearStyle;
			path = ../ClearStyle;
			sourceTree = "<group>";
		};
		85553D371C6B31BA005D613B /* Sources */ = {
			isa = PBXGroup;
			children = (
				4048D7AF1C73BF4D002B490C /* ClearStyle */,
				400648E61C7268E500701533 /* Models */,
				403100CC1CA730BD00C12F4E /* Resources */,
				403100CB1CA7308900C12F4E /* Utils */,
				85553D381C6B31BA005D613B /* AppDelegate.swift */,
				409DD2441CC6E5A30000D366 /* DetailTableViewCell.swift */,
				409DD2461CC6E5CE0000D366 /* DetailTableViewCell.xib */,
				409DD2401CC6E3F10000D366 /* GuruModeViewController.swift */,
				40A0B3C51CA1FE5800F17BEA /* LoginManager.swift */,
				4022030F1CA1FD0200D6B5E1 /* LoginViewController.swift */,
				402203111CA1FD1200D6B5E1 /* LoginViewController.xib */,
				85553D401C6B31BA005D613B /* MasterViewController.swift */,
				40C975F11CADE79600407B67 /* PersonImageCollectionViewCell.swift */,
				40C975F21CADE79600407B67 /* PersonImageCollectionViewCell.xib */,
				40C975C41CAD94A900407B67 /* PersonImageView.swift */,
				40C975C61CAD957A00407B67 /* PersonImageView.xib */,
				40AE52EA1CA1FAD000A878F3 /* SwimTodoGlobals.swift */,
				400648E01C72680000701533 /* TodoEntryTableViewCell.swift */,
				400648E11C72680000701533 /* TodoEntryTableViewCell.xib */,
				85553D3E1C6B31BA005D613B /* TodoListViewController.swift */,
				40C975ED1CAD9F7200407B67 /* TodoListViewController.xib */,
			);
			path = Sources;
			sourceTree = "<group>";
		};
		85553D491C6B31C2005D613B /* Tests */ = {
			isa = PBXGroup;
			children = (
				85553D4A1C6B31C2005D613B /* Info.plist */,
				85553D4B1C6B31C2005D613B /* SwimTodoTests.swift */,
			);
			path = Tests;
			sourceTree = "<group>";
		};
		855AA97E1C6DB2CA0087347E /* Services */ = {
			isa = PBXGroup;
			children = (
				855AA97F1C6DB2EF0087347E /* todo-service.js */,
			);
			path = Services;
			sourceTree = "<group>";
		};
		85674A2E1C68CA0100F299D7 = {
			isa = PBXGroup;
			children = (
				855AA9801C6DB3250087347E /* swim.recon */,
				85553D371C6B31BA005D613B /* Sources */,
				85553D491C6B31C2005D613B /* Tests */,
				4026EC9D1CD3CE51006BB352 /* SwimGoogleSignIn */,
				85674A601C68CAD200F299D7 /* Frameworks */,
				85674A381C68CA0100F299D7 /* Products */,
				855AA97E1C6DB2CA0087347E /* Services */,
				EB0ADF2B2E9812CF42EEE85D /* Pods */,
			);
			sourceTree = "<group>";
		};
		85674A381C68CA0100F299D7 /* Products */ = {
			isa = PBXGroup;
			children = (
				85674A371C68CA0100F299D7 /* SwimTodo.app */,
				85674A4D1C68CA0100F299D7 /* SwimTodo-Tests.xctest */,
			);
			name = Products;
			sourceTree = "<group>";
		};
		85674A601C68CAD200F299D7 /* Frameworks */ = {
			isa = PBXGroup;
			children = (
				85553D991C6B3D6C005D613B /* Recon.framework */,
				85553D661C6B3A4A005D613B /* Swim.framework */,
				30CC21386D97264852988DB6 /* Pods_SwimTodo.framework */,
			);
			name = Frameworks;
			sourceTree = "<group>";
		};
		EB0ADF2B2E9812CF42EEE85D /* Pods */ = {
			isa = PBXGroup;
			children = (
				E72C3CBB1736824CC3B9E128 /* Pods-SwimTodo.debug.xcconfig */,
				84508E0E112F7E6A77F1CF05 /* Pods-SwimTodo.release.xcconfig */,
			);
			name = Pods;
			sourceTree = "<group>";
		};
/* End PBXGroup section */

/* Begin PBXNativeTarget section */
		85674A361C68CA0100F299D7 /* SwimTodo */ = {
			isa = PBXNativeTarget;
			buildConfigurationList = 85674A561C68CA0100F299D7 /* Build configuration list for PBXNativeTarget "SwimTodo" */;
			buildPhases = (
				E014E748291D47231207F3E6 /* 📦 Check Pods Manifest.lock */,
				85674A331C68CA0100F299D7 /* Sources */,
				85674A341C68CA0100F299D7 /* Frameworks */,
				85674A351C68CA0100F299D7 /* Resources */,
				85553D9D1C6B3D9D005D613B /* Embed Frameworks */,
				4501B68623B074D9BA4C18CE /* 📦 Embed Pods Frameworks */,
				E394C705249348D3F434C555 /* 📦 Copy Pods Resources */,
				4076263B1CC8030B008E0904 /* Build number */,
				40CEBD2B1CC748FA00D6E736 /* Crashlytics */,
			);
			buildRules = (
			);
			dependencies = (
			);
			name = SwimTodo;
			productName = SwimTodo;
			productReference = 85674A371C68CA0100F299D7 /* SwimTodo.app */;
			productType = "com.apple.product-type.application";
		};
		85674A4C1C68CA0100F299D7 /* SwimTodo-Tests */ = {
			isa = PBXNativeTarget;
			buildConfigurationList = 85674A591C68CA0100F299D7 /* Build configuration list for PBXNativeTarget "SwimTodo-Tests" */;
			buildPhases = (
				85674A491C68CA0100F299D7 /* Sources */,
				85674A4A1C68CA0100F299D7 /* Frameworks */,
				85674A4B1C68CA0100F299D7 /* Resources */,
			);
			buildRules = (
			);
			dependencies = (
				85674A4F1C68CA0100F299D7 /* PBXTargetDependency */,
			);
			name = "SwimTodo-Tests";
			productName = SwimChatTests;
			productReference = 85674A4D1C68CA0100F299D7 /* SwimTodo-Tests.xctest */;
			productType = "com.apple.product-type.bundle.unit-test";
		};
/* End PBXNativeTarget section */

/* Begin PBXProject section */
		85674A2F1C68CA0100F299D7 /* Project object */ = {
			isa = PBXProject;
			attributes = {
				LastSwiftUpdateCheck = 0720;
				LastUpgradeCheck = 0720;
				ORGANIZATIONNAME = swim.it;
				TargetAttributes = {
					85674A361C68CA0100F299D7 = {
						CreatedOnToolsVersion = 7.2.1;
						DevelopmentTeam = W5QR4AAB27;
						SystemCapabilities = {
							com.apple.BackgroundModes = {
								enabled = 1;
							};
						};
					};
					85674A4C1C68CA0100F299D7 = {
						CreatedOnToolsVersion = 7.2.1;
						TestTargetID = 85674A361C68CA0100F299D7;
					};
				};
			};
			buildConfigurationList = 85674A321C68CA0100F299D7 /* Build configuration list for PBXProject "SwimTodo" */;
			compatibilityVersion = "Xcode 3.2";
			developmentRegion = English;
			hasScannedForEncodings = 0;
			knownRegions = (
				en,
				Base,
			);
			mainGroup = 85674A2E1C68CA0100F299D7;
			productRefGroup = 85674A381C68CA0100F299D7 /* Products */;
			projectDirPath = "";
			projectRoot = "";
			targets = (
				85674A361C68CA0100F299D7 /* SwimTodo */,
				85674A4C1C68CA0100F299D7 /* SwimTodo-Tests */,
			);
		};
/* End PBXProject section */

/* Begin PBXResourcesBuildPhase section */
		85674A351C68CA0100F299D7 /* Resources */ = {
			isa = PBXResourcesBuildPhase;
			buildActionMask = 2147483647;
			files = (
				40C975C71CAD957A00407B67 /* PersonImageView.xib in Resources */,
				402203121CA1FD1200D6B5E1 /* LoginViewController.xib in Resources */,
				85553D441C6B31BA005D613B /* LaunchScreen.storyboard in Resources */,
				85553D431C6B31BA005D613B /* Assets.xcassets in Resources */,
				40C975EE1CAD9F7200407B67 /* TodoListViewController.xib in Resources */,
				40C975F41CADE79600407B67 /* PersonImageCollectionViewCell.xib in Resources */,
				409DD2471CC6E5CE0000D366 /* DetailTableViewCell.xib in Resources */,
				400648E31C72680000701533 /* TodoEntryTableViewCell.xib in Resources */,
				85553D451C6B31BA005D613B /* Main.storyboard in Resources */,
				400268241CA20F6200335AC7 /* GoogleService-Info.plist in Resources */,
			);
			runOnlyForDeploymentPostprocessing = 0;
		};
		85674A4B1C68CA0100F299D7 /* Resources */ = {
			isa = PBXResourcesBuildPhase;
			buildActionMask = 2147483647;
			files = (
			);
			runOnlyForDeploymentPostprocessing = 0;
		};
/* End PBXResourcesBuildPhase section */

/* Begin PBXShellScriptBuildPhase section */
		4076263B1CC8030B008E0904 /* Build number */ = {
			isa = PBXShellScriptBuildPhase;
			buildActionMask = 8;
			files = (
			);
			inputPaths = (
			);
			name = "Build number";
			outputPaths = (
			);
			runOnlyForDeploymentPostprocessing = 1;
			shellPath = /bin/sh;
			shellScript = "githash=$(git rev-parse --short HEAD)\n/usr/libexec/PlistBuddy -c \"Set :CFBundleVersion $githash\" \"${TARGET_BUILD_DIR}/${INFOPLIST_PATH}\"\n";
		};
		40CEBD2B1CC748FA00D6E736 /* Crashlytics */ = {
			isa = PBXShellScriptBuildPhase;
			buildActionMask = 2147483647;
			files = (
			);
			inputPaths = (
			);
			name = Crashlytics;
			outputPaths = (
			);
			runOnlyForDeploymentPostprocessing = 0;
			shellPath = /bin/sh;
			shellScript = "if [ ${CONFIGURATION} == \"Release\" ]\nthen\n    \"${PODS_ROOT}/Fabric/run\" c1f0fa666e4353630fea032b7df89ef85eeb85f1 a27112ae6c1ddb266f73859ede0ef169af846aa5b3b08d6861b0de8623b33fc4\nfi\n";
		};
		4501B68623B074D9BA4C18CE /* 📦 Embed Pods Frameworks */ = {
			isa = PBXShellScriptBuildPhase;
			buildActionMask = 2147483647;
			files = (
			);
			inputPaths = (
			);
			name = "📦 Embed Pods Frameworks";
			outputPaths = (
			);
			runOnlyForDeploymentPostprocessing = 0;
			shellPath = /bin/sh;
			shellScript = "\"${SRCROOT}/Pods/Target Support Files/Pods-SwimTodo/Pods-SwimTodo-frameworks.sh\"\n";
			showEnvVarsInLog = 0;
		};
		E014E748291D47231207F3E6 /* 📦 Check Pods Manifest.lock */ = {
			isa = PBXShellScriptBuildPhase;
			buildActionMask = 2147483647;
			files = (
			);
			inputPaths = (
			);
			name = "📦 Check Pods Manifest.lock";
			outputPaths = (
			);
			runOnlyForDeploymentPostprocessing = 0;
			shellPath = /bin/sh;
			shellScript = "diff \"${PODS_ROOT}/../Podfile.lock\" \"${PODS_ROOT}/Manifest.lock\" > /dev/null\nif [[ $? != 0 ]] ; then\n    cat << EOM\nerror: The sandbox is not in sync with the Podfile.lock. Run 'pod install' or update your CocoaPods installation.\nEOM\n    exit 1\nfi\n";
			showEnvVarsInLog = 0;
		};
		E394C705249348D3F434C555 /* 📦 Copy Pods Resources */ = {
			isa = PBXShellScriptBuildPhase;
			buildActionMask = 2147483647;
			files = (
			);
			inputPaths = (
			);
			name = "📦 Copy Pods Resources";
			outputPaths = (
			);
			runOnlyForDeploymentPostprocessing = 0;
			shellPath = /bin/sh;
			shellScript = "\"${SRCROOT}/Pods/Target Support Files/Pods-SwimTodo/Pods-SwimTodo-resources.sh\"\n";
			showEnvVarsInLog = 0;
		};
/* End PBXShellScriptBuildPhase section */

/* Begin PBXSourcesBuildPhase section */
		85674A331C68CA0100F299D7 /* Sources */ = {
			isa = PBXSourcesBuildPhase;
			buildActionMask = 2147483647;
			files = (
				402203101CA1FD0200D6B5E1 /* LoginViewController.swift in Sources */,
				40C975C51CAD94A900407B67 /* PersonImageView.swift in Sources */,
				400648E51C7268DB00701533 /* TodoEntry.swift in Sources */,
				85553D481C6B31BA005D613B /* MasterViewController.swift in Sources */,
				409DD2411CC6E3F10000D366 /* GuruModeViewController.swift in Sources */,
				40C975F01CADE0C700407B67 /* RTLLayout.swift in Sources */,
				40F583C21CBCDCAF001BCDCC /* UserPresenceModel.swift in Sources */,
				4048D7B31C73BF91002B490C /* TableViewCell.swift in Sources */,
				4048D7B41C73BF91002B490C /* StrikeThroughText.swift in Sources */,
				409DD2491CC6E7980000D366 /* UITableViewCell+Misc.swift in Sources */,
				40A0B3C61CA1FE5800F17BEA /* LoginManager.swift in Sources */,
				40AE52EB1CA1FAD000A878F3 /* SwimTodoGlobals.swift in Sources */,
				40C975FC1CB19B0200407B67 /* UINib+Misc.swift in Sources */,
				4026EC9F1CD3CEAF006BB352 /* SwimGoogleSignIn.swift in Sources */,
				85553D461C6B31BA005D613B /* TodoListViewController.swift in Sources */,
				400648E21C72680000701533 /* TodoEntryTableViewCell.swift in Sources */,
				4048D7BD1C73D844002B490C /* CollectionType+Misc.swift in Sources */,
				85553D421C6B31BA005D613B /* AppDelegate.swift in Sources */,
				40C975F31CADE79600407B67 /* PersonImageCollectionViewCell.swift in Sources */,
				40C975F81CAE113800407B67 /* UIView+Misc.swift in Sources */,
				409DD2451CC6E5A30000D366 /* DetailTableViewCell.swift in Sources */,
			);
			runOnlyForDeploymentPostprocessing = 0;
		};
		85674A491C68CA0100F299D7 /* Sources */ = {
			isa = PBXSourcesBuildPhase;
			buildActionMask = 2147483647;
			files = (
				85553D4D1C6B31C2005D613B /* SwimTodoTests.swift in Sources */,
			);
			runOnlyForDeploymentPostprocessing = 0;
		};
/* End PBXSourcesBuildPhase section */

/* Begin PBXTargetDependency section */
		85674A4F1C68CA0100F299D7 /* PBXTargetDependency */ = {
			isa = PBXTargetDependency;
			target = 85674A361C68CA0100F299D7 /* SwimTodo */;
			targetProxy = 85674A4E1C68CA0100F299D7 /* PBXContainerItemProxy */;
		};
/* End PBXTargetDependency section */

/* Begin PBXVariantGroup section */
		85553D3A1C6B31BA005D613B /* LaunchScreen.storyboard */ = {
			isa = PBXVariantGroup;
			children = (
				85553D3B1C6B31BA005D613B /* Base */,
			);
			name = LaunchScreen.storyboard;
			sourceTree = "<group>";
		};
		85553D3C1C6B31BA005D613B /* Main.storyboard */ = {
			isa = PBXVariantGroup;
			children = (
				85553D3D1C6B31BA005D613B /* Base */,
			);
			name = Main.storyboard;
			sourceTree = "<group>";
		};
/* End PBXVariantGroup section */

/* Begin XCBuildConfiguration section */
		85674A541C68CA0100F299D7 /* Debug */ = {
			isa = XCBuildConfiguration;
			buildSettings = {
				ALWAYS_SEARCH_USER_PATHS = NO;
				CLANG_CXX_LANGUAGE_STANDARD = "gnu++0x";
				CLANG_CXX_LIBRARY = "libc++";
				CLANG_ENABLE_MODULES = YES;
				CLANG_ENABLE_OBJC_ARC = YES;
				CLANG_WARN_BOOL_CONVERSION = YES;
				CLANG_WARN_CONSTANT_CONVERSION = YES;
				CLANG_WARN_DIRECT_OBJC_ISA_USAGE = YES_ERROR;
				CLANG_WARN_EMPTY_BODY = YES;
				CLANG_WARN_ENUM_CONVERSION = YES;
				CLANG_WARN_INT_CONVERSION = YES;
				CLANG_WARN_OBJC_ROOT_CLASS = YES_ERROR;
				CLANG_WARN_UNREACHABLE_CODE = YES;
				CLANG_WARN__DUPLICATE_METHOD_MATCH = YES;
				"CODE_SIGN_IDENTITY[sdk=iphoneos*]" = "iPhone Developer";
				COPY_PHASE_STRIP = NO;
				DEBUG_INFORMATION_FORMAT = dwarf;
				ENABLE_STRICT_OBJC_MSGSEND = YES;
				ENABLE_TESTABILITY = YES;
				FRAMEWORK_SEARCH_PATHS = (
					"$(inherited)",
					"$(PROJECT_DIR)",
				);
				GCC_C_LANGUAGE_STANDARD = gnu99;
				GCC_DYNAMIC_NO_PIC = NO;
				GCC_NO_COMMON_BLOCKS = YES;
				GCC_OPTIMIZATION_LEVEL = 0;
				GCC_PREPROCESSOR_DEFINITIONS = (
					"DEBUG=1",
					"$(inherited)",
				);
				GCC_WARN_64_TO_32_BIT_CONVERSION = YES;
				GCC_WARN_ABOUT_RETURN_TYPE = YES_ERROR;
				GCC_WARN_UNDECLARED_SELECTOR = YES;
				GCC_WARN_UNINITIALIZED_AUTOS = YES_AGGRESSIVE;
				GCC_WARN_UNUSED_FUNCTION = YES;
				GCC_WARN_UNUSED_VARIABLE = YES;
				IPHONEOS_DEPLOYMENT_TARGET = 9.2;
				MTL_ENABLE_DEBUG_INFO = YES;
				ONLY_ACTIVE_ARCH = YES;
				OTHER_LDFLAGS = "-ObjC";
				SDKROOT = iphoneos;
				SWIFT_OPTIMIZATION_LEVEL = "-Onone";
				TARGETED_DEVICE_FAMILY = "1,2";
			};
			name = Debug;
		};
		85674A551C68CA0100F299D7 /* Release */ = {
			isa = XCBuildConfiguration;
			buildSettings = {
				ALWAYS_SEARCH_USER_PATHS = NO;
				CLANG_CXX_LANGUAGE_STANDARD = "gnu++0x";
				CLANG_CXX_LIBRARY = "libc++";
				CLANG_ENABLE_MODULES = YES;
				CLANG_ENABLE_OBJC_ARC = YES;
				CLANG_WARN_BOOL_CONVERSION = YES;
				CLANG_WARN_CONSTANT_CONVERSION = YES;
				CLANG_WARN_DIRECT_OBJC_ISA_USAGE = YES_ERROR;
				CLANG_WARN_EMPTY_BODY = YES;
				CLANG_WARN_ENUM_CONVERSION = YES;
				CLANG_WARN_INT_CONVERSION = YES;
				CLANG_WARN_OBJC_ROOT_CLASS = YES_ERROR;
				CLANG_WARN_UNREACHABLE_CODE = YES;
				CLANG_WARN__DUPLICATE_METHOD_MATCH = YES;
				"CODE_SIGN_IDENTITY[sdk=iphoneos*]" = "iPhone Developer";
				COPY_PHASE_STRIP = NO;
				DEBUG_INFORMATION_FORMAT = "dwarf-with-dsym";
				ENABLE_NS_ASSERTIONS = NO;
				ENABLE_STRICT_OBJC_MSGSEND = YES;
				FRAMEWORK_SEARCH_PATHS = (
					"$(inherited)",
					"$(PROJECT_DIR)",
				);
				GCC_C_LANGUAGE_STANDARD = gnu99;
				GCC_NO_COMMON_BLOCKS = YES;
				GCC_WARN_64_TO_32_BIT_CONVERSION = YES;
				GCC_WARN_ABOUT_RETURN_TYPE = YES_ERROR;
				GCC_WARN_UNDECLARED_SELECTOR = YES;
				GCC_WARN_UNINITIALIZED_AUTOS = YES_AGGRESSIVE;
				GCC_WARN_UNUSED_FUNCTION = YES;
				GCC_WARN_UNUSED_VARIABLE = YES;
				IPHONEOS_DEPLOYMENT_TARGET = 9.2;
				MTL_ENABLE_DEBUG_INFO = NO;
				OTHER_LDFLAGS = "-ObjC";
				SDKROOT = iphoneos;
				TARGETED_DEVICE_FAMILY = "1,2";
				VALIDATE_PRODUCT = YES;
			};
			name = Release;
		};
		85674A571C68CA0100F299D7 /* Debug */ = {
			isa = XCBuildConfiguration;
			baseConfigurationReference = E72C3CBB1736824CC3B9E128 /* Pods-SwimTodo.debug.xcconfig */;
			buildSettings = {
				ASSETCATALOG_COMPILER_APPICON_NAME = AppIcon;
				CODE_SIGN_IDENTITY = "iPhone Developer";
				INFOPLIST_FILE = Sources/Info.plist;
				LD_RUNPATH_SEARCH_PATHS = "$(inherited) @executable_path/Frameworks";
				OTHER_SWIFT_FLAGS = "$(inherited) -DSWIMGOOGLESIGNIN";
				PRODUCT_BUNDLE_IDENTIFIER = it.swim.SwimTodo;
				PRODUCT_NAME = "$(TARGET_NAME)";
			};
			name = Debug;
		};
		85674A581C68CA0100F299D7 /* Release */ = {
			isa = XCBuildConfiguration;
			baseConfigurationReference = 84508E0E112F7E6A77F1CF05 /* Pods-SwimTodo.release.xcconfig */;
			buildSettings = {
				ASSETCATALOG_COMPILER_APPICON_NAME = AppIcon;
				CODE_SIGN_IDENTITY = "iPhone Developer";
				INFOPLIST_FILE = Sources/Info.plist;
				LD_RUNPATH_SEARCH_PATHS = "$(inherited) @executable_path/Frameworks";
				OTHER_SWIFT_FLAGS = "$(inherited) -DSWIMGOOGLESIGNIN";
				PRODUCT_BUNDLE_IDENTIFIER = it.swim.SwimTodo;
				PRODUCT_NAME = "$(TARGET_NAME)";
			};
			name = Release;
		};
		85674A5A1C68CA0100F299D7 /* Debug */ = {
			isa = XCBuildConfiguration;
			buildSettings = {
				BUNDLE_LOADER = "$(TEST_HOST)";
				INFOPLIST_FILE = Tests/Info.plist;
				LD_RUNPATH_SEARCH_PATHS = "$(inherited) @executable_path/Frameworks @loader_path/Frameworks";
				PRODUCT_BUNDLE_IDENTIFIER = it.swim.SwimChatTests;
				PRODUCT_NAME = "$(TARGET_NAME)";
				TEST_HOST = "$(BUILT_PRODUCTS_DIR)/SwimTodo.app/SwimTodo";
			};
			name = Debug;
		};
		85674A5B1C68CA0100F299D7 /* Release */ = {
			isa = XCBuildConfiguration;
			buildSettings = {
				BUNDLE_LOADER = "$(TEST_HOST)";
				INFOPLIST_FILE = Tests/Info.plist;
				LD_RUNPATH_SEARCH_PATHS = "$(inherited) @executable_path/Frameworks @loader_path/Frameworks";
				PRODUCT_BUNDLE_IDENTIFIER = it.swim.SwimChatTests;
				PRODUCT_NAME = "$(TARGET_NAME)";
				TEST_HOST = "$(BUILT_PRODUCTS_DIR)/SwimTodo.app/SwimTodo";
			};
			name = Release;
		};
/* End XCBuildConfiguration section */

/* Begin XCConfigurationList section */
		85674A321C68CA0100F299D7 /* Build configuration list for PBXProject "SwimTodo" */ = {
			isa = XCConfigurationList;
			buildConfigurations = (
				85674A541C68CA0100F299D7 /* Debug */,
				85674A551C68CA0100F299D7 /* Release */,
			);
			defaultConfigurationIsVisible = 0;
			defaultConfigurationName = Release;
		};
		85674A561C68CA0100F299D7 /* Build configuration list for PBXNativeTarget "SwimTodo" */ = {
			isa = XCConfigurationList;
			buildConfigurations = (
				85674A571C68CA0100F299D7 /* Debug */,
				85674A581C68CA0100F299D7 /* Release */,
			);
			defaultConfigurationIsVisible = 0;
			defaultConfigurationName = Release;
		};
		85674A591C68CA0100F299D7 /* Build configuration list for PBXNativeTarget "SwimTodo-Tests" */ = {
			isa = XCConfigurationList;
			buildConfigurations = (
				85674A5A1C68CA0100F299D7 /* Debug */,
				85674A5B1C68CA0100F299D7 /* Release */,
			);
			defaultConfigurationIsVisible = 0;
			defaultConfigurationName = Release;
		};
/* End XCConfigurationList section */
	};
	rootObject = 85674A2F1C68CA0100F299D7 /* Project object */;
}
